
Microsoft Visual Studio Solution File, Format Version 12.00
# Visual Studio Version 16
VisualStudioVersion = 16.0.30717.126
MinimumVisualStudioVersion = 10.0.40219.1
Project("{FAE04EC0-301F-11D3-BF4B-00C04F79EFBC}") = "CSharp.Chatwork", ".\CSharp.Chatwork\CSharp.Chatwork.csproj", "{22E7FD89-301F-443B-B35A-F3B456C392B8}"
EndProject
Project("{FAE04EC0-301F-11D3-BF4B-00C04F79EFBC}") = "CSharp.Chatwork.ConsoleTest", ".\CSharp.Chatwork.ConsoleTest\CSharp.Chatwork.ConsoleTest.csproj", "{F34C2C36-FE00-4ED8-B770-4B38AFA88BAE}"
EndProject
Global
	GlobalSection(SolutionConfigurationPlatforms) = preSolution
		Debug|Any CPU = Debug|Any CPU
		Release|Any CPU = Release|Any CPU
	EndGlobalSection
	GlobalSection(ProjectConfigurationPlatforms) = postSolution
		{22E7FD89-301F-443B-B35A-F3B456C392B8}.Debug|Any CPU.ActiveCfg = Debug|Any CPU
		{22E7FD89-301F-443B-B35A-F3B456C392B8}.Debug|Any CPU.Build.0 = Debug|Any CPU
		{22E7FD89-301F-443B-B35A-F3B456C392B8}.Release|Any CPU.ActiveCfg = Release|Any CPU
		{22E7FD89-301F-443B-B35A-F3B456C392B8}.Release|Any CPU.Build.0 = Release|Any CPU
		{F34C2C36-FE00-4ED8-B770-4B38AFA88BAE}.Debug|Any CPU.ActiveCfg = Debug|Any CPU
		{F34C2C36-FE00-4ED8-B770-4B38AFA88BAE}.Debug|Any CPU.Build.0 = Debug|Any CPU
		{F34C2C36-FE00-4ED8-B770-4B38AFA88BAE}.Release|Any CPU.ActiveCfg = Release|Any CPU
		{F34C2C36-FE00-4ED8-B770-4B38AFA88BAE}.Release|Any CPU.Build.0 = Release|Any CPU
	EndGlobalSection
	GlobalSection(SolutionProperties) = preSolution
		HideSolutionNode = FALSE
	EndGlobalSection
	GlobalSection(ExtensibilityGlobals) = postSolution
		SolutionGuid = {226D4208-64DB-447A-B961-0A675F91881C}
	EndGlobalSection
EndGlobal
